// !$*UTF8*$!
{
	archiveVersion = 1;
	classes = {
	};
	objectVersion = 77;
	objects = {

/* Begin PBXBuildFile section */
		EA52D7162CF1D359001C9D4E /* Pretendard-ExtraBold.ttf in Resources */ = {isa = PBXBuildFile; fileRef = EA52D70F2CF1D359001C9D4E /* Pretendard-ExtraBold.ttf */; };
		EA52D7172CF1D359001C9D4E /* Pretendard-Regular.ttf in Resources */ = {isa = PBXBuildFile; fileRef = EA52D7132CF1D359001C9D4E /* Pretendard-Regular.ttf */; };
		EA52D7182CF1D359001C9D4E /* Pretendard-Thin.ttf in Resources */ = {isa = PBXBuildFile; fileRef = EA52D7152CF1D359001C9D4E /* Pretendard-Thin.ttf */; };
		EA52D7192CF1D359001C9D4E /* Pretendard-Black.ttf in Resources */ = {isa = PBXBuildFile; fileRef = EA52D70D2CF1D359001C9D4E /* Pretendard-Black.ttf */; };
		EA52D71A2CF1D359001C9D4E /* Pretendard-ExtraLight.ttf in Resources */ = {isa = PBXBuildFile; fileRef = EA52D7102CF1D359001C9D4E /* Pretendard-ExtraLight.ttf */; };
		EA52D71B2CF1D359001C9D4E /* Pretendard-SemiBold.ttf in Resources */ = {isa = PBXBuildFile; fileRef = EA52D7142CF1D359001C9D4E /* Pretendard-SemiBold.ttf */; };
		EA52D71C2CF1D359001C9D4E /* Pretendard-Bold.ttf in Resources */ = {isa = PBXBuildFile; fileRef = EA52D70E2CF1D359001C9D4E /* Pretendard-Bold.ttf */; };
		EA52D71D2CF1D359001C9D4E /* Pretendard-Medium.ttf in Resources */ = {isa = PBXBuildFile; fileRef = EA52D7122CF1D359001C9D4E /* Pretendard-Medium.ttf */; };
		EA52D71E2CF1D359001C9D4E /* Pretendard-Light.ttf in Resources */ = {isa = PBXBuildFile; fileRef = EA52D7112CF1D359001C9D4E /* Pretendard-Light.ttf */; };
/* End PBXBuildFile section */

/* Begin PBXFileReference section */
		EA5175EE2CF0C7EA00795C3C /* CounterSpell-iOS.app */ = {isa = PBXFileReference; explicitFileType = wrapper.application; includeInIndex = 0; path = "CounterSpell-iOS.app"; sourceTree = BUILT_PRODUCTS_DIR; };
		EA52D70D2CF1D359001C9D4E /* Pretendard-Black.ttf */ = {isa = PBXFileReference; lastKnownFileType = file; name = "Pretendard-Black.ttf"; path = "/Users/seojiwan/Downloads/Pretendard 1.3.9 6/public/static/alternative/Pretendard-Black.ttf"; sourceTree = "<absolute>"; };
		EA52D70E2CF1D359001C9D4E /* Pretendard-Bold.ttf */ = {isa = PBXFileReference; lastKnownFileType = file; name = "Pretendard-Bold.ttf"; path = "/Users/seojiwan/Downloads/Pretendard 1.3.9 6/public/static/alternative/Pretendard-Bold.ttf"; sourceTree = "<absolute>"; };
		EA52D70F2CF1D359001C9D4E /* Pretendard-ExtraBold.ttf */ = {isa = PBXFileReference; lastKnownFileType = file; name = "Pretendard-ExtraBold.ttf"; path = "/Users/seojiwan/Downloads/Pretendard 1.3.9 6/public/static/alternative/Pretendard-ExtraBold.ttf"; sourceTree = "<absolute>"; };
		EA52D7102CF1D359001C9D4E /* Pretendard-ExtraLight.ttf */ = {isa = PBXFileReference; lastKnownFileType = file; name = "Pretendard-ExtraLight.ttf"; path = "/Users/seojiwan/Downloads/Pretendard 1.3.9 6/public/static/alternative/Pretendard-ExtraLight.ttf"; sourceTree = "<absolute>"; };
		EA52D7112CF1D359001C9D4E /* Pretendard-Light.ttf */ = {isa = PBXFileReference; lastKnownFileType = file; name = "Pretendard-Light.ttf"; path = "/Users/seojiwan/Downloads/Pretendard 1.3.9 6/public/static/alternative/Pretendard-Light.ttf"; sourceTree = "<absolute>"; };
		EA52D7122CF1D359001C9D4E /* Pretendard-Medium.ttf */ = {isa = PBXFileReference; lastKnownFileType = file; name = "Pretendard-Medium.ttf"; path = "/Users/seojiwan/Downloads/Pretendard 1.3.9 6/public/static/alternative/Pretendard-Medium.ttf"; sourceTree = "<absolute>"; };
		EA52D7132CF1D359001C9D4E /* Pretendard-Regular.ttf */ = {isa = PBXFileReference; lastKnownFileType = file; name = "Pretendard-Regular.ttf"; path = "/Users/seojiwan/Downloads/Pretendard 1.3.9 6/public/static/alternative/Pretendard-Regular.ttf"; sourceTree = "<absolute>"; };
		EA52D7142CF1D359001C9D4E /* Pretendard-SemiBold.ttf */ = {isa = PBXFileReference; lastKnownFileType = file; name = "Pretendard-SemiBold.ttf"; path = "/Users/seojiwan/Downloads/Pretendard 1.3.9 6/public/static/alternative/Pretendard-SemiBold.ttf"; sourceTree = "<absolute>"; };
		EA52D7152CF1D359001C9D4E /* Pretendard-Thin.ttf */ = {isa = PBXFileReference; lastKnownFileType = file; name = "Pretendard-Thin.ttf"; path = "/Users/seojiwan/Downloads/Pretendard 1.3.9 6/public/static/alternative/Pretendard-Thin.ttf"; sourceTree = "<absolute>"; };
		EA52D71F2CF1D42A001C9D4E /* Info.plist */ = {isa = PBXFileReference; lastKnownFileType = text.plist; path = Info.plist; sourceTree = "<group>"; };
/* End PBXFileReference section */

/* Begin PBXFileSystemSynchronizedRootGroup section */
		EA5175F02CF0C7EA00795C3C /* CounterSpell-iOS */ = {
			isa = PBXFileSystemSynchronizedRootGroup;
			path = "CounterSpell-iOS";
			sourceTree = "<group>";
		};
		EA5176E12CF1CFA800795C3C /* Application */ = {
			isa = PBXFileSystemSynchronizedRootGroup;
			path = Application;
			sourceTree = "<group>";
		};
		EA5176E62CF1CFAB00795C3C /* DesignSystem */ = {
			isa = PBXFileSystemSynchronizedRootGroup;
			path = DesignSystem;
			sourceTree = "<group>";
		};
/* End PBXFileSystemSynchronizedRootGroup section */

/* Begin PBXFrameworksBuildPhase section */
		EA5175EB2CF0C7EA00795C3C /* Frameworks */ = {
			isa = PBXFrameworksBuildPhase;
			buildActionMask = 2147483647;
			files = (
			);
			runOnlyForDeploymentPostprocessing = 0;
		};
/* End PBXFrameworksBuildPhase section */

/* Begin PBXGroup section */
		EA5175E52CF0C7EA00795C3C = {
			isa = PBXGroup;
			children = (
				EA5176DF2CF1CF9B00795C3C /* CounterSpell-iOS */,
				EA5175EF2CF0C7EA00795C3C /* Products */,
			);
			sourceTree = "<group>";
		};
		EA5175EF2CF0C7EA00795C3C /* Products */ = {
			isa = PBXGroup;
			children = (
				EA5175EE2CF0C7EA00795C3C /* CounterSpell-iOS.app */,
			);
			name = Products;
			sourceTree = "<group>";
		};
		EA5176DF2CF1CF9B00795C3C /* CounterSpell-iOS */ = {
			isa = PBXGroup;
			children = (
				EA52D71F2CF1D42A001C9D4E /* Info.plist */,
				EA5176EA2CF1CFC100795C3C /* Font */,
				EA5175F02CF0C7EA00795C3C /* CounterSpell-iOS */,
				EA5176E62CF1CFAB00795C3C /* DesignSystem */,
				EA5176E12CF1CFA800795C3C /* Application */,
			);
			path = "CounterSpell-iOS";
			sourceTree = "<group>";
		};
		EA5176EA2CF1CFC100795C3C /* Font */ = {
			isa = PBXGroup;
			children = (
				EA52D70D2CF1D359001C9D4E /* Pretendard-Black.ttf */,
				EA52D70E2CF1D359001C9D4E /* Pretendard-Bold.ttf */,
				EA52D70F2CF1D359001C9D4E /* Pretendard-ExtraBold.ttf */,
				EA52D7102CF1D359001C9D4E /* Pretendard-ExtraLight.ttf */,
				EA52D7112CF1D359001C9D4E /* Pretendard-Light.ttf */,
				EA52D7122CF1D359001C9D4E /* Pretendard-Medium.ttf */,
				EA52D7132CF1D359001C9D4E /* Pretendard-Regular.ttf */,
				EA52D7142CF1D359001C9D4E /* Pretendard-SemiBold.ttf */,
				EA52D7152CF1D359001C9D4E /* Pretendard-Thin.ttf */,
			);
			path = Font;
			sourceTree = "<group>";
		};
/* End PBXGroup section */

/* Begin PBXNativeTarget section */
		EA5175ED2CF0C7EA00795C3C /* CounterSpell-iOS */ = {
			isa = PBXNativeTarget;
			buildConfigurationList = EA5175FC2CF0C7EC00795C3C /* Build configuration list for PBXNativeTarget "CounterSpell-iOS" */;
			buildPhases = (
				EA5175EA2CF0C7EA00795C3C /* Sources */,
				EA5175EB2CF0C7EA00795C3C /* Frameworks */,
				EA5175EC2CF0C7EA00795C3C /* Resources */,
			);
			buildRules = (
			);
			dependencies = (
			);
			fileSystemSynchronizedGroups = (
				EA5175F02CF0C7EA00795C3C /* CounterSpell-iOS */,
				EA5176E12CF1CFA800795C3C /* Application */,
				EA5176E62CF1CFAB00795C3C /* DesignSystem */,
			);
			name = "CounterSpell-iOS";
			packageProductDependencies = (
			);
			productName = "CounterSpell-iOS";
			productReference = EA5175EE2CF0C7EA00795C3C /* CounterSpell-iOS.app */;
			productType = "com.apple.product-type.application";
		};
/* End PBXNativeTarget section */

/* Begin PBXProject section */
		EA5175E62CF0C7EA00795C3C /* Project object */ = {
			isa = PBXProject;
			attributes = {
				BuildIndependentTargetsInParallel = 1;
				LastSwiftUpdateCheck = 1600;
				LastUpgradeCheck = 1600;
				TargetAttributes = {
					EA5175ED2CF0C7EA00795C3C = {
						CreatedOnToolsVersion = 16.0;
					};
				};
			};
			buildConfigurationList = EA5175E92CF0C7EA00795C3C /* Build configuration list for PBXProject "CounterSpell-iOS" */;
			developmentRegion = en;
			hasScannedForEncodings = 0;
			knownRegions = (
				en,
				Base,
			);
			mainGroup = EA5175E52CF0C7EA00795C3C;
			minimizedProjectReferenceProxies = 1;
			preferredProjectObjectVersion = 77;
			productRefGroup = EA5175EF2CF0C7EA00795C3C /* Products */;
			projectDirPath = "";
			projectRoot = "";
			targets = (
				EA5175ED2CF0C7EA00795C3C /* CounterSpell-iOS */,
			);
		};
/* End PBXProject section */

/* Begin PBXResourcesBuildPhase section */
		EA5175EC2CF0C7EA00795C3C /* Resources */ = {
			isa = PBXResourcesBuildPhase;
			buildActionMask = 2147483647;
			files = (
				EA52D7162CF1D359001C9D4E /* Pretendard-ExtraBold.ttf in Resources */,
				EA52D7172CF1D359001C9D4E /* Pretendard-Regular.ttf in Resources */,
				EA52D7182CF1D359001C9D4E /* Pretendard-Thin.ttf in Resources */,
				EA52D7192CF1D359001C9D4E /* Pretendard-Black.ttf in Resources */,
				EA52D71A2CF1D359001C9D4E /* Pretendard-ExtraLight.ttf in Resources */,
				EA52D71B2CF1D359001C9D4E /* Pretendard-SemiBold.ttf in Resources */,
				EA52D71C2CF1D359001C9D4E /* Pretendard-Bold.ttf in Resources */,
				EA52D71D2CF1D359001C9D4E /* Pretendard-Medium.ttf in Resources */,
				EA52D71E2CF1D359001C9D4E /* Pretendard-Light.ttf in Resources */,
			);
			runOnlyForDeploymentPostprocessing = 0;
		};
/* End PBXResourcesBuildPhase section */

/* Begin PBXSourcesBuildPhase section */
		EA5175EA2CF0C7EA00795C3C /* Sources */ = {
			isa = PBXSourcesBuildPhase;
			buildActionMask = 2147483647;
			files = (
			);
			runOnlyForDeploymentPostprocessing = 0;
		};
/* End PBXSourcesBuildPhase section */

/* Begin XCBuildConfiguration section */
		EA5175FA2CF0C7EC00795C3C /* Debug */ = {
			isa = XCBuildConfiguration;
			buildSettings = {
				ALWAYS_SEARCH_USER_PATHS = NO;
				ASSETCATALOG_COMPILER_GENERATE_SWIFT_ASSET_SYMBOL_EXTENSIONS = YES;
				CLANG_ANALYZER_NONNULL = YES;
				CLANG_ANALYZER_NUMBER_OBJECT_CONVERSION = YES_AGGRESSIVE;
				CLANG_CXX_LANGUAGE_STANDARD = "gnu++20";
				CLANG_ENABLE_MODULES = YES;
				CLANG_ENABLE_OBJC_ARC = YES;
				CLANG_ENABLE_OBJC_WEAK = YES;
				CLANG_WARN_BLOCK_CAPTURE_AUTORELEASING = YES;
				CLANG_WARN_BOOL_CONVERSION = YES;
				CLANG_WARN_COMMA = YES;
				CLANG_WARN_CONSTANT_CONVERSION = YES;
				CLANG_WARN_DEPRECATED_OBJC_IMPLEMENTATIONS = YES;
				CLANG_WARN_DIRECT_OBJC_ISA_USAGE = YES_ERROR;
				CLANG_WARN_DOCUMENTATION_COMMENTS = YES;
				CLANG_WARN_EMPTY_BODY = YES;
				CLANG_WARN_ENUM_CONVERSION = YES;
				CLANG_WARN_INFINITE_RECURSION = YES;
				CLANG_WARN_INT_CONVERSION = YES;
				CLANG_WARN_NON_LITERAL_NULL_CONVERSION = YES;
				CLANG_WARN_OBJC_IMPLICIT_RETAIN_SELF = YES;
				CLANG_WARN_OBJC_LITERAL_CONVERSION = YES;
				CLANG_WARN_OBJC_ROOT_CLASS = YES_ERROR;
				CLANG_WARN_QUOTED_INCLUDE_IN_FRAMEWORK_HEADER = YES;
				CLANG_WARN_RANGE_LOOP_ANALYSIS = YES;
				CLANG_WARN_STRICT_PROTOTYPES = YES;
				CLANG_WARN_SUSPICIOUS_MOVE = YES;
				CLANG_WARN_UNGUARDED_AVAILABILITY = YES_AGGRESSIVE;
				CLANG_WARN_UNREACHABLE_CODE = YES;
				CLANG_WARN__DUPLICATE_METHOD_MATCH = YES;
				COPY_PHASE_STRIP = NO;
				DEBUG_INFORMATION_FORMAT = dwarf;
				ENABLE_STRICT_OBJC_MSGSEND = YES;
				ENABLE_TESTABILITY = YES;
				ENABLE_USER_SCRIPT_SANDBOXING = YES;
				GCC_C_LANGUAGE_STANDARD = gnu17;
				GCC_DYNAMIC_NO_PIC = NO;
				GCC_NO_COMMON_BLOCKS = YES;
				GCC_OPTIMIZATION_LEVEL = 0;
				GCC_PREPROCESSOR_DEFINITIONS = (
					"DEBUG=1",
					"$(inherited)",
				);
				GCC_WARN_64_TO_32_BIT_CONVERSION = YES;
				GCC_WARN_ABOUT_RETURN_TYPE = YES_ERROR;
				GCC_WARN_UNDECLARED_SELECTOR = YES;
				GCC_WARN_UNINITIALIZED_AUTOS = YES_AGGRESSIVE;
				GCC_WARN_UNUSED_FUNCTION = YES;
				GCC_WARN_UNUSED_VARIABLE = YES;
				IPHONEOS_DEPLOYMENT_TARGET = 18.0;
				LOCALIZATION_PREFERS_STRING_CATALOGS = YES;
				MTL_ENABLE_DEBUG_INFO = INCLUDE_SOURCE;
				MTL_FAST_MATH = YES;
				ONLY_ACTIVE_ARCH = YES;
				SDKROOT = iphoneos;
				SWIFT_ACTIVE_COMPILATION_CONDITIONS = "DEBUG $(inherited)";
				SWIFT_OPTIMIZATION_LEVEL = "-Onone";
			};
			name = Debug;
		};
		EA5175FB2CF0C7EC00795C3C /* Release */ = {
			isa = XCBuildConfiguration;
			buildSettings = {
				ALWAYS_SEARCH_USER_PATHS = NO;
				ASSETCATALOG_COMPILER_GENERATE_SWIFT_ASSET_SYMBOL_EXTENSIONS = YES;
				CLANG_ANALYZER_NONNULL = YES;
				CLANG_ANALYZER_NUMBER_OBJECT_CONVERSION = YES_AGGRESSIVE;
				CLANG_CXX_LANGUAGE_STANDARD = "gnu++20";
				CLANG_ENABLE_MODULES = YES;
				CLANG_ENABLE_OBJC_ARC = YES;
				CLANG_ENABLE_OBJC_WEAK = YES;
				CLANG_WARN_BLOCK_CAPTURE_AUTORELEASING = YES;
				CLANG_WARN_BOOL_CONVERSION = YES;
				CLANG_WARN_COMMA = YES;
				CLANG_WARN_CONSTANT_CONVERSION = YES;
				CLANG_WARN_DEPRECATED_OBJC_IMPLEMENTATIONS = YES;
				CLANG_WARN_DIRECT_OBJC_ISA_USAGE = YES_ERROR;
				CLANG_WARN_DOCUMENTATION_COMMENTS = YES;
				CLANG_WARN_EMPTY_BODY = YES;
				CLANG_WARN_ENUM_CONVERSION = YES;
				CLANG_WARN_INFINITE_RECURSION = YES;
				CLANG_WARN_INT_CONVERSION = YES;
				CLANG_WARN_NON_LITERAL_NULL_CONVERSION = YES;
				CLANG_WARN_OBJC_IMPLICIT_RETAIN_SELF = YES;
				CLANG_WARN_OBJC_LITERAL_CONVERSION = YES;
				CLANG_WARN_OBJC_ROOT_CLASS = YES_ERROR;
				CLANG_WARN_QUOTED_INCLUDE_IN_FRAMEWORK_HEADER = YES;
				CLANG_WARN_RANGE_LOOP_ANALYSIS = YES;
				CLANG_WARN_STRICT_PROTOTYPES = YES;
				CLANG_WARN_SUSPICIOUS_MOVE = YES;
				CLANG_WARN_UNGUARDED_AVAILABILITY = YES_AGGRESSIVE;
				CLANG_WARN_UNREACHABLE_CODE = YES;
				CLANG_WARN__DUPLICATE_METHOD_MATCH = YES;
				COPY_PHASE_STRIP = NO;
				DEBUG_INFORMATION_FORMAT = "dwarf-with-dsym";
				ENABLE_NS_ASSERTIONS = NO;
				ENABLE_STRICT_OBJC_MSGSEND = YES;
				ENABLE_USER_SCRIPT_SANDBOXING = YES;
				GCC_C_LANGUAGE_STANDARD = gnu17;
				GCC_NO_COMMON_BLOCKS = YES;
				GCC_WARN_64_TO_32_BIT_CONVERSION = YES;
				GCC_WARN_ABOUT_RETURN_TYPE = YES_ERROR;
				GCC_WARN_UNDECLARED_SELECTOR = YES;
				GCC_WARN_UNINITIALIZED_AUTOS = YES_AGGRESSIVE;
				GCC_WARN_UNUSED_FUNCTION = YES;
				GCC_WARN_UNUSED_VARIABLE = YES;
				IPHONEOS_DEPLOYMENT_TARGET = 18.0;
				LOCALIZATION_PREFERS_STRING_CATALOGS = YES;
				MTL_ENABLE_DEBUG_INFO = NO;
				MTL_FAST_MATH = YES;
				SDKROOT = iphoneos;
				SWIFT_COMPILATION_MODE = wholemodule;
				VALIDATE_PRODUCT = YES;
			};
			name = Release;
		};
		EA5175FD2CF0C7EC00795C3C /* Debug */ = {
			isa = XCBuildConfiguration;
			buildSettings = {
				ASSETCATALOG_COMPILER_APPICON_NAME = AppIcon;
				ASSETCATALOG_COMPILER_GLOBAL_ACCENT_COLOR_NAME = AccentColor;
				CODE_SIGN_STYLE = Automatic;
				CURRENT_PROJECT_VERSION = 1;
				DEVELOPMENT_ASSET_PATHS = "\"CounterSpell-iOS\"";
				DEVELOPMENT_TEAM = 3NVCLTSP9V;
				ENABLE_PREVIEWS = YES;
				GENERATE_INFOPLIST_FILE = YES;
				INFOPLIST_FILE = "CounterSpell-iOS/Info.plist";
				INFOPLIST_KEY_NSCameraUsageDescription = "A message that tells the user why the app is requesting access to the device’s camera.";
				INFOPLIST_KEY_UIApplicationSceneManifest_Generation = YES;
				INFOPLIST_KEY_UIApplicationSupportsIndirectInputEvents = YES;
				INFOPLIST_KEY_UILaunchScreen_Generation = YES;
				INFOPLIST_KEY_UISupportedInterfaceOrientations_iPad = "UIInterfaceOrientationPortrait UIInterfaceOrientationPortraitUpsideDown UIInterfaceOrientationLandscapeLeft UIInterfaceOrientationLandscapeRight";
				INFOPLIST_KEY_UISupportedInterfaceOrientations_iPhone = "UIInterfaceOrientationPortrait UIInterfaceOrientationLandscapeLeft UIInterfaceOrientationLandscapeRight";
				LD_RUNPATH_SEARCH_PATHS = (
					"$(inherited)",
					"@executable_path/Frameworks",
				);
				MARKETING_VERSION = 1.0;
				PRODUCT_BUNDLE_IDENTIFIER = "seojiwan.CounterSpell-iOS";
				PRODUCT_NAME = "$(TARGET_NAME)";
				SWIFT_EMIT_LOC_STRINGS = YES;
				SWIFT_VERSION = 5.0;
				TARGETED_DEVICE_FAMILY = "1,2";
			};
			name = Debug;
		};
		EA5175FE2CF0C7EC00795C3C /* Release */ = {
			isa = XCBuildConfiguration;
			buildSettings = {
				ASSETCATALOG_COMPILER_APPICON_NAME = AppIcon;
				ASSETCATALOG_COMPILER_GLOBAL_ACCENT_COLOR_NAME = AccentColor;
				CODE_SIGN_STYLE = Automatic;
				CURRENT_PROJECT_VERSION = 1;
				DEVELOPMENT_ASSET_PATHS = "\"CounterSpell-iOS\"";
				DEVELOPMENT_TEAM = 3NVCLTSP9V;
				ENABLE_PREVIEWS = YES;
				GENERATE_INFOPLIST_FILE = YES;
				INFOPLIST_FILE = "CounterSpell-iOS/Info.plist";
				INFOPLIST_KEY_NSCameraUsageDescription = "A message that tells the user why the app is requesting access to the device’s camera.";
				INFOPLIST_KEY_UIApplicationSceneManifest_Generation = YES;
				INFOPLIST_KEY_UIApplicationSupportsIndirectInputEvents = YES;
				INFOPLIST_KEY_UILaunchScreen_Generation = YES;
				INFOPLIST_KEY_UISupportedInterfaceOrientations_iPad = "UIInterfaceOrientationPortrait UIInterfaceOrientationPortraitUpsideDown UIInterfaceOrientationLandscapeLeft UIInterfaceOrientationLandscapeRight";
				INFOPLIST_KEY_UISupportedInterfaceOrientations_iPhone = "UIInterfaceOrientationPortrait UIInterfaceOrientationLandscapeLeft UIInterfaceOrientationLandscapeRight";
				LD_RUNPATH_SEARCH_PATHS = (
					"$(inherited)",
					"@executable_path/Frameworks",
				);
				MARKETING_VERSION = 1.0;
				PRODUCT_BUNDLE_IDENTIFIER = "seojiwan.CounterSpell-iOS";
				PRODUCT_NAME = "$(TARGET_NAME)";
				SWIFT_EMIT_LOC_STRINGS = YES;
				SWIFT_VERSION = 5.0;
				TARGETED_DEVICE_FAMILY = "1,2";
			};
			name = Release;
		};
/* End XCBuildConfiguration section */

/* Begin XCConfigurationList section */
		EA5175E92CF0C7EA00795C3C /* Build configuration list for PBXProject "CounterSpell-iOS" */ = {
			isa = XCConfigurationList;
			buildConfigurations = (
				EA5175FA2CF0C7EC00795C3C /* Debug */,
				EA5175FB2CF0C7EC00795C3C /* Release */,
			);
			defaultConfigurationIsVisible = 0;
			defaultConfigurationName = Release;
		};
		EA5175FC2CF0C7EC00795C3C /* Build configuration list for PBXNativeTarget "CounterSpell-iOS" */ = {
			isa = XCConfigurationList;
			buildConfigurations = (
				EA5175FD2CF0C7EC00795C3C /* Debug */,
				EA5175FE2CF0C7EC00795C3C /* Release */,
			);
			defaultConfigurationIsVisible = 0;
			defaultConfigurationName = Release;
		};
/* End XCConfigurationList section */
	};
	rootObject = EA5175E62CF0C7EA00795C3C /* Project object */;
}
